{
  "lockfileVersion": 1,
  "workspaces": {
    "": {
      "name": "test-workspace",
    },
    "packages/app": {
      "name": "@workspace/app",
      "version": "1.0.0",
      "dependencies": {
        "@workspace/lib": "workspace:*",
        "chalk": "^5.3.0",
      },
    },
    "packages/lib": {
      "name": "@workspace/lib",
      "version": "1.0.0",
      "dependencies": {
        "is-odd": "^3.0.1",
      },
    },
  },
  "packages": {
    "@workspace/app": ["@workspace/app@workspace:packages/app"],

    "@workspace/lib": ["@workspace/lib@workspace:packages/lib"],

    "chalk": ["chalk@5.4.1", "", {}, "sha512-zgVZuo2WcZgfUEmsn6eO3kINexW8RAE4maiQ8QNs8CtpPCSyMiYsULR3HQYkm3w8FIA3SberyMJMSldGsW+U3w=="],

    "is-number": ["is-number@6.0.0", "", {}, "sha512-Wu1VHeILBK8KAWJUAiSZQX94GmOE45Rg6/538fKwiloUu21KncEkYGPqob2oSZ5mUT73vLGrHQjKw3KMPwfDzg=="],

    "is-odd": ["is-odd@3.0.1", "", { "dependencies": { "is-number": "^6.0.0" } }, "sha512-CQpnWPrDwmP1+SMHXZhtLtJv90yiyVfluGsX5iNCVkrhQtU3TQHsUWPG9wkdk9Lgd5yNpAg9jQEo90CBaXgWMA=="],
  }
}
